#MicroXplorer Configuration settings - do not modify
Mcu.Family=STM32F4
FMC.IPParameters=WriteOperation1
SH.GPXTI1.0=GPIO_EXTI1
PD7.Mode=NorPsramChipSelect1_1
ProjectManager.MainLocation=Core/Src
SH.FMC_D7_DA7.0=FMC_D7,8b-d1
SH.FMC_A6.ConfNb=1
SH.FMC_D0_DA0.ConfNb=1
RCC.CortexFreq_Value=180000000
SH.FMC_A2.ConfNb=1
SH.FMC_A4.ConfNb=1
SH.FMC_A0.ConfNb=1
SH.FMC_D6_DA6.ConfNb=1
ProjectManager.KeepUserCode=true
Mcu.UserName=STM32F429ZGTx
SH.FMC_A0.0=FMC_A0,8b-a1
RCC.PLLCLKFreq_Value=180000000
RCC.PLLQCLKFreq_Value=90000000
PC5.Locked=true
ProjectManager.functionlistsort=1-MX_GPIO_Init-GPIO-false-HAL-true,2-SystemClock_Config-RCC-false-HAL-false,3-MX_FMC_Init-FMC-false-HAL-true,4-MX_USART1_UART_Init-USART1-false-HAL-true
SH.FMC_D6_DA6.0=FMC_D6,8b-d1
RCC.RTCFreq_Value=32000
PA0/WKUP.Signal=GPIO_Output
USART1.IPParameters=VirtualMode
SH.FMC_D5_DA5.0=FMC_D5,8b-d1
FMC.WriteOperation1=FMC_WRITE_OPERATION_ENABLE
SH.FMC_NOE.ConfNb=1
PinOutPanel.RotationAngle=0
SH.FMC_NWE.0=FMC_NWE,Sram1
RCC.SYSCLKSource=RCC_SYSCLKSOURCE_PLLCLK
ProjectManager.StackSize=0x400
RCC.SAI_BClocksFreq_Value=24500000
Mcu.IP4=USART1
RCC.FCLKCortexFreq_Value=180000000
NVIC.SVCall_IRQn=true\:0\:0\:false\:false\:true\:false\:false
Mcu.IP2=RCC
Mcu.IP3=SYS
Mcu.IP0=FMC
SH.FMC_A7.0=FMC_A7,8b-a1
Mcu.IP1=NVIC
NVIC.EXTI1_IRQn=true\:0\:0\:false\:false\:true\:true\:true
Mcu.UserConstants=
RCC.LCDTFTFreq_Value=24500000
Mcu.ThirdPartyNb=0
PH0/OSC_IN.Mode=HSE-External-Oscillator
PB1.GPIO_PuPd=GPIO_PULLUP
RCC.HCLKFreq_Value=180000000
Mcu.IPNb=5
RCC.I2SClocksFreq_Value=192000000
ProjectManager.PreviousToolchain=TrueSTUDIO
PD4.Signal=FMC_NOE
RCC.APB2TimFreq_Value=180000000
SH.FMC_NWE.ConfNb=1
PB1.GPIO_ModeDefaultEXTI=GPIO_MODE_IT_RISING
RCC.VcooutputI2S=192000000
PA0/WKUP.Locked=true
PH1/OSC_OUT.Signal=RCC_OSC_OUT
PF12.Signal=FMC_A6
Mcu.Pin6=PH0/OSC_IN
PD0.Signal=FMC_D2_DA2
Mcu.Pin7=PH1/OSC_OUT
Mcu.Pin8=PA0/WKUP
Mcu.Pin9=PA1
RCC.VCOSAIOutputFreq_Value=98000000
RCC.AHBFreq_Value=180000000
Mcu.Pin0=PF0
Mcu.Pin1=PF1
GPIO.groupedBy=Group By Peripherals
Mcu.Pin2=PF2
Mcu.Pin3=PF3
Mcu.Pin4=PF4
Mcu.Pin5=PF5
ProjectManager.ProjectBuild=false
RCC.HSE_VALUE=8000000
NVIC.UsageFault_IRQn=true\:0\:0\:false\:false\:true\:false\:false
NVIC.DebugMonitor_IRQn=true\:0\:0\:false\:false\:true\:false\:false
PA4.Locked=true
NVIC.SysTick_IRQn=true\:0\:0\:false\:false\:true\:false\:true
PB0.GPIO_ModeDefaultEXTI=GPIO_MODE_IT_RISING
SH.FMC_D2_DA2.0=FMC_D2,8b-d1
ProjectManager.FirmwarePackage=STM32Cube FW_F4 V1.25.2
MxDb.Version=DB.6.0.10
PB0.GPIOParameters=GPIO_PuPd,GPIO_ModeDefaultEXTI
ProjectManager.BackupPrevious=false
RCC.VCOInputFreq_Value=2000000
PE9.Signal=FMC_D6_DA6
SH.FMC_A2.0=FMC_A2,8b-a1
File.Version=6
SH.FMC_D5_DA5.ConfNb=1
SH.FMC_D2_DA2.ConfNb=1
PA8.Signal=RCC_MCO_1
SH.FMC_D1_DA1.0=FMC_D1,8b-d1
NVIC.PendSV_IRQn=true\:0\:0\:false\:false\:true\:false\:false
PF3.Signal=FMC_A3
PH1/OSC_OUT.Mode=HSE-External-Oscillator
PE10.Signal=FMC_D7_DA7
ProjectManager.HalAssertFull=false
PB0.Locked=true
ProjectManager.ProjectName=SVI_lab2
RCC.MCO2PinFreq_Value=180000000
Mcu.Package=LQFP144
PB1.Signal=GPXTI1
PA6.Signal=GPIO_Output
PA7.Locked=true
PA5.Locked=true
SH.FMC_D0_DA0.0=FMC_D0,8b-d1
SH.FMC_D4_DA4.ConfNb=1
ProjectManager.ToolChainLocation=
RCC.LSI_VALUE=32000
SH.GPXTI0.0=GPIO_EXTI0
VP_SYS_VS_Systick.Signal=SYS_VS_Systick
SH.GPXTI5.ConfNb=1
PA10.Signal=USART1_RX
SH.FMC_D4_DA4.0=FMC_D4,8b-d1
PF5.Signal=FMC_A5
SH.FMC_A1.0=FMC_A1,8b-a1
RCC.APB2CLKDivider=RCC_HCLK_DIV2
RCC.APB1TimFreq_Value=90000000
NVIC.BusFault_IRQn=true\:0\:0\:false\:false\:true\:false\:false
PC4.Locked=true
PF0.Signal=FMC_A0
PC5.Signal=GPXTI5
PE7.Signal=FMC_D4_DA4
PD15.Signal=FMC_D1_DA1
SH.FMC_D3_DA3.0=FMC_D3,8b-d1
ProjectManager.CustomerFirmwarePackage=
PC4.GPIOParameters=GPIO_PuPd,GPIO_ModeDefaultEXTI
RCC.SAI_AClocksFreq_Value=24500000
PA3.Signal=GPIO_Output
SH.FMC_D3_DA3.ConfNb=1
PA2.Locked=true
SH.FMC_A3.ConfNb=1
RCC.PLLSourceVirtual=RCC_PLLSOURCE_HSE
NVIC.EXTI4_IRQn=true\:0\:0\:false\:false\:true\:true\:true
SH.GPXTI5.0=GPIO_EXTI5
SH.FMC_A4.0=FMC_A4,8b-a1
PC4.GPIO_ModeDefaultEXTI=GPIO_MODE_IT_RISING
SH.FMC_A7.ConfNb=1
ProjectManager.ProjectFileName=SVI_lab2.ioc
SH.FMC_A1.ConfNb=1
SH.FMC_A5.ConfNb=1
PA10.Mode=Asynchronous
Mcu.PinsNb=37
ProjectManager.NoMain=false
PC4.GPIO_PuPd=GPIO_PULLUP
PC4.Signal=GPXTI4
PD7.Signal=FMC_NE1
PD1.Signal=FMC_D3_DA3
SH.GPXTI0.ConfNb=1
ProjectManager.DefaultFWLocation=true
RCC.VCOSAIOutputFreq_ValueQ=24500000
PD5.Signal=FMC_NWE
RCC.VCOSAIOutputFreq_ValueR=49000000
ProjectManager.DeletePrevious=true
RCC.APB1CLKDivider=RCC_HCLK_DIV4
PC5.GPIO_PuPd=GPIO_PULLUP
SH.FMC_NOE.0=FMC_NOE,Sram1
RCC.FamilyName=M
SH.FMC_A3.0=FMC_A3,8b-a1
PA9.Mode=Asynchronous
ProjectManager.TargetToolchain=TrueSTUDIO
SH.FMC_D1_DA1.ConfNb=1
PC5.GPIOParameters=GPIO_PuPd,GPIO_ModeDefaultEXTI
PA9.Signal=USART1_TX
RCC.VcooutputI2SQ=192000000
PF2.Signal=FMC_A2
ProjectManager.RegisterCallBack=
RCC.LSE_VALUE=32768
PA1.Signal=GPIO_Output
PC5.GPIO_ModeDefaultEXTI=GPIO_MODE_IT_RISING
PB1.Locked=true
RCC.VCOI2SOutputFreq_Value=384000000
PA5.Signal=GPIO_Output
board=custom
RCC.VCOOutputFreq_Value=360000000
ProjectManager.LastFirmware=true
PH0/OSC_IN.Signal=RCC_OSC_IN
SH.FMC_A6.0=FMC_A6,8b-a1
RCC.APB2Freq_Value=90000000
MxCube.Version=6.1.1
Mcu.Pin35=PD7
PE8.Signal=FMC_D5_DA5
Mcu.Pin36=VP_SYS_VS_Systick
Mcu.Pin30=PA10
VP_SYS_VS_Systick.Mode=SysTick
RCC.EthernetFreq_Value=180000000
Mcu.Pin33=PD4
Mcu.Pin34=PD5
Mcu.Pin31=PD0
Mcu.Pin32=PD1
NVIC.NonMaskableInt_IRQn=true\:0\:0\:false\:false\:true\:false\:false
PF13.Signal=FMC_A7
PF1.Signal=FMC_A1
ProjectManager.FreePins=false
RCC.IPParameters=48MHZClocksFreq_Value,AHBFreq_Value,APB1CLKDivider,APB1Freq_Value,APB1TimFreq_Value,APB2CLKDivider,APB2Freq_Value,APB2TimFreq_Value,CortexFreq_Value,EthernetFreq_Value,FCLKCortexFreq_Value,FamilyName,HCLKFreq_Value,HSE_VALUE,HSI_VALUE,I2SClocksFreq_Value,LCDTFTFreq_Value,LSE_VALUE,LSI_VALUE,MCO2PinFreq_Value,PLLCLKFreq_Value,PLLM,PLLN,PLLQCLKFreq_Value,PLLSourceVirtual,RTCFreq_Value,RTCHSEDivFreq_Value,SAI_AClocksFreq_Value,SAI_BClocksFreq_Value,SYSCLKFreq_VALUE,SYSCLKSource,VCOI2SOutputFreq_Value,VCOInputFreq_Value,VCOOutputFreq_Value,VCOSAIOutputFreq_Value,VCOSAIOutputFreq_ValueQ,VCOSAIOutputFreq_ValueR,VcooutputI2S,VcooutputI2SQ
ProjectManager.AskForMigrate=true
Mcu.Name=STM32F429Z(E-G)Tx
Mcu.Pin26=PD14
Mcu.Pin27=PD15
RCC.RTCHSEDivFreq_Value=4000000
PA2.Signal=GPIO_Output
Mcu.Pin24=PE9
ProjectManager.UnderRoot=true
Mcu.Pin25=PE10
PD14.Signal=FMC_D0_DA0
Mcu.Pin28=PA8
Mcu.Pin29=PA9
ProjectManager.CoupleFile=false
SH.FMC_D7_DA7.ConfNb=1
RCC.48MHZClocksFreq_Value=90000000
NVIC.EXTI0_IRQn=true\:0\:0\:false\:false\:true\:true\:true
PA4.Signal=GPIO_Output
RCC.SYSCLKFreq_VALUE=180000000
Mcu.Pin22=PE7
Mcu.Pin23=PE8
PA1.Locked=true
Mcu.Pin20=PF12
PA3.Locked=true
Mcu.Pin21=PF13
SH.GPXTI4.0=GPIO_EXTI4
NVIC.ForceEnableDMAVector=true
KeepUserPlacement=false
NVIC.MemoryManagement_IRQn=true\:0\:0\:false\:false\:true\:false\:false
USART1.VirtualMode=VM_ASYNC
ProjectManager.CompilerOptimize=6
SH.FMC_A5.0=FMC_A5,8b-a1
NVIC.EXTI9_5_IRQn=true\:0\:0\:false\:false\:true\:true\:true
ProjectManager.HeapSize=0x200
Mcu.Pin15=PA7
NVIC.HardFault_IRQn=true\:0\:0\:false\:false\:true\:false\:false
Mcu.Pin16=PC4
Mcu.Pin13=PA5
SH.GPXTI4.ConfNb=1
Mcu.Pin14=PA6
Mcu.Pin19=PB1
ProjectManager.ComputerToolchain=false
Mcu.Pin17=PC5
RCC.HSI_VALUE=16000000
Mcu.Pin18=PB0
NVIC.PriorityGroup=NVIC_PRIORITYGROUP_4
Mcu.Pin11=PA3
Mcu.Pin12=PA4
RCC.PLLM=4
RCC.PLLN=180
Mcu.Pin10=PA2
PA8.Mode=Clock-out-1
PF4.Signal=FMC_A4
SH.GPXTI1.ConfNb=1
RCC.APB1Freq_Value=45000000
PB0.Signal=GPXTI0
ProjectManager.DeviceId=STM32F429ZGTx
ProjectManager.LibraryCopy=1
PB0.GPIO_PuPd=GPIO_PULLUP
PB1.GPIOParameters=GPIO_PuPd,GPIO_ModeDefaultEXTI
PA7.Signal=GPIO_Output
PA6.Locked=true
